
Microsoft Visual Studio Solution File, Format Version 12.00
# Visual Studio Version 17
VisualStudioVersion = 17.5.33516.290
MinimumVisualStudioVersion = 10.0.40219.1
Project("{FAE04EC0-301F-11D3-BF4B-00C04F79EFBC}") = "APIC#", "APIC#\APIC#.csproj", "{F4E81DD6-8C44-4416-A96A-1C27DD37AE60}"
EndProject
Global
	GlobalSection(SolutionConfigurationPlatforms) = preSolution
		Debug|Any CPU = Debug|Any CPU
		Release|Any CPU = Release|Any CPU
	EndGlobalSection
	GlobalSection(ProjectConfigurationPlatforms) = postSolution
		{F4E81DD6-8C44-4416-A96A-1C27DD37AE60}.Debug|Any CPU.ActiveCfg = Debug|Any CPU
		{F4E81DD6-8C44-4416-A96A-1C27DD37AE60}.Debug|Any CPU.Build.0 = Debug|Any CPU
		{F4E81DD6-8C44-4416-A96A-1C27DD37AE60}.Release|Any CPU.ActiveCfg = Release|Any CPU
		{F4E81DD6-8C44-4416-A96A-1C27DD37AE60}.Release|Any CPU.Build.0 = Release|Any CPU
	EndGlobalSection
	GlobalSection(SolutionProperties) = preSolution
		HideSolutionNode = FALSE
	EndGlobalSection
	GlobalSection(ExtensibilityGlobals) = postSolution
		SolutionGuid = {37398A7A-81B9-43B0-AEC1-5D36D55824E1}
	EndGlobalSection
EndGlobal
